// !$*UTF8*$!
{
	archiveVersion = 1;
	classes = {
	};
	objectVersion = 46;
	objects = {

/* Begin PBXBuildFile section */
		55D844FE1E83365D001C253F /* AppDelegate.swift in Sources */ = {isa = PBXBuildFile; fileRef = 55D844FD1E83365D001C253F /* AppDelegate.swift */; };
		55D845001E83365D001C253F /* ViewController.swift in Sources */ = {isa = PBXBuildFile; fileRef = 55D844FF1E83365D001C253F /* ViewController.swift */; };
		55D845031E83365D001C253F /* Main.storyboard in Resources */ = {isa = PBXBuildFile; fileRef = 55D845011E83365D001C253F /* Main.storyboard */; };
		55D845051E83365D001C253F /* Assets.xcassets in Resources */ = {isa = PBXBuildFile; fileRef = 55D845041E83365D001C253F /* Assets.xcassets */; };
		55D845081E83365D001C253F /* LaunchScreen.storyboard in Resources */ = {isa = PBXBuildFile; fileRef = 55D845061E83365D001C253F /* LaunchScreen.storyboard */; };
		55D845131E83365E001C253F /* CanvasTests.swift in Sources */ = {isa = PBXBuildFile; fileRef = 55D845121E83365E001C253F /* CanvasTests.swift */; };
		55D8451E1E83365E001C253F /* CanvasUITests.swift in Sources */ = {isa = PBXBuildFile; fileRef = 55D8451D1E83365E001C253F /* CanvasUITests.swift */; };
/* End PBXBuildFile section */

/* Begin PBXContainerItemProxy section */
		55D8450F1E83365E001C253F /* PBXContainerItemProxy */ = {
			isa = PBXContainerItemProxy;
			containerPortal = 55D844F21E83365C001C253F /* Project object */;
			proxyType = 1;
			remoteGlobalIDString = 55D844F91E83365C001C253F;
			remoteInfo = Canvas;
		};
		55D8451A1E83365E001C253F /* PBXContainerItemProxy */ = {
			isa = PBXContainerItemProxy;
			containerPortal = 55D844F21E83365C001C253F /* Project object */;
			proxyType = 1;
			remoteGlobalIDString = 55D844F91E83365C001C253F;
			remoteInfo = Canvas;
		};
/* End PBXContainerItemProxy section */

/* Begin PBXFileReference section */
		55D844FA1E83365D001C253F /* Canvas.app */ = {isa = PBXFileReference; explicitFileType = wrapper.application; includeInIndex = 0; path = Canvas.app; sourceTree = BUILT_PRODUCTS_DIR; };
		55D844FD1E83365D001C253F /* AppDelegate.swift */ = {isa = PBXFileReference; lastKnownFileType = sourcecode.swift; path = AppDelegate.swift; sourceTree = "<group>"; };
		55D844FF1E83365D001C253F /* ViewController.swift */ = {isa = PBXFileReference; lastKnownFileType = sourcecode.swift; path = ViewController.swift; sourceTree = "<group>"; };
		55D845021E83365D001C253F /* Base */ = {isa = PBXFileReference; lastKnownFileType = file.storyboard; name = Base; path = Base.lproj/Main.storyboard; sourceTree = "<group>"; };
		55D845041E83365D001C253F /* Assets.xcassets */ = {isa = PBXFileReference; lastKnownFileType = folder.assetcatalog; path = Assets.xcassets; sourceTree = "<group>"; };
		55D845071E83365D001C253F /* Base */ = {isa = PBXFileReference; lastKnownFileType = file.storyboard; name = Base; path = Base.lproj/LaunchScreen.storyboard; sourceTree = "<group>"; };
		55D845091E83365D001C253F /* Info.plist */ = {isa = PBXFileReference; lastKnownFileType = text.plist.xml; path = Info.plist; sourceTree = "<group>"; };
		55D8450E1E83365E001C253F /* CanvasTests.xctest */ = {isa = PBXFileReference; explicitFileType = wrapper.cfbundle; includeInIndex = 0; path = CanvasTests.xctest; sourceTree = BUILT_PRODUCTS_DIR; };
		55D845121E83365E001C253F /* CanvasTests.swift */ = {isa = PBXFileReference; lastKnownFileType = sourcecode.swift; path = CanvasTests.swift; sourceTree = "<group>"; };
		55D845141E83365E001C253F /* Info.plist */ = {isa = PBXFileReference; lastKnownFileType = text.plist.xml; path = Info.plist; sourceTree = "<group>"; };
		55D845191E83365E001C253F /* CanvasUITests.xctest */ = {isa = PBXFileReference; explicitFileType = wrapper.cfbundle; includeInIndex = 0; path = CanvasUITests.xctest; sourceTree = BUILT_PRODUCTS_DIR; };
		55D8451D1E83365E001C253F /* CanvasUITests.swift */ = {isa = PBXFileReference; lastKnownFileType = sourcecode.swift; path = CanvasUITests.swift; sourceTree = "<group>"; };
		55D8451F1E83365E001C253F /* Info.plist */ = {isa = PBXFileReference; lastKnownFileType = text.plist.xml; path = Info.plist; sourceTree = "<group>"; };
/* End PBXFileReference section */

/* Begin PBXFrameworksBuildPhase section */
		55D844F71E83365C001C253F /* Frameworks */ = {
			isa = PBXFrameworksBuildPhase;
			buildActionMask = 2147483647;
			files = (
			);
			runOnlyForDeploymentPostprocessing = 0;
		};
		55D8450B1E83365E001C253F /* Frameworks */ = {
			isa = PBXFrameworksBuildPhase;
			buildActionMask = 2147483647;
			files = (
			);
			runOnlyForDeploymentPostprocessing = 0;
		};
		55D845161E83365E001C253F /* Frameworks */ = {
			isa = PBXFrameworksBuildPhase;
			buildActionMask = 2147483647;
			files = (
			);
			runOnlyForDeploymentPostprocessing = 0;
		};
/* End PBXFrameworksBuildPhase section */

/* Begin PBXGroup section */
		55D844F11E83365C001C253F = {
			isa = PBXGroup;
			children = (
				55D844FC1E83365D001C253F /* Canvas */,
				55D845111E83365E001C253F /* CanvasTests */,
				55D8451C1E83365E001C253F /* CanvasUITests */,
				55D844FB1E83365D001C253F /* Products */,
			);
			sourceTree = "<group>";
		};
		55D844FB1E83365D001C253F /* Products */ = {
			isa = PBXGroup;
			children = (
				55D844FA1E83365D001C253F /* Canvas.app */,
				55D8450E1E83365E001C253F /* CanvasTests.xctest */,
				55D845191E83365E001C253F /* CanvasUITests.xctest */,
			);
			name = Products;
			sourceTree = "<group>";
		};
		55D844FC1E83365D001C253F /* Canvas */ = {
			isa = PBXGroup;
			children = (
				55D844FD1E83365D001C253F /* AppDelegate.swift */,
				55D844FF1E83365D001C253F /* ViewController.swift */,
				55D845011E83365D001C253F /* Main.storyboard */,
				55D845041E83365D001C253F /* Assets.xcassets */,
				55D845061E83365D001C253F /* LaunchScreen.storyboard */,
				55D845091E83365D001C253F /* Info.plist */,
			);
			path = Canvas;
			sourceTree = "<group>";
		};
		55D845111E83365E001C253F /* CanvasTests */ = {
			isa = PBXGroup;
			children = (
				55D845121E83365E001C253F /* CanvasTests.swift */,
				55D845141E83365E001C253F /* Info.plist */,
			);
			path = CanvasTests;
			sourceTree = "<group>";
		};
		55D8451C1E83365E001C253F /* CanvasUITests */ = {
			isa = PBXGroup;
			children = (
				55D8451D1E83365E001C253F /* CanvasUITests.swift */,
				55D8451F1E83365E001C253F /* Info.plist */,
			);
			path = CanvasUITests;
			sourceTree = "<group>";
		};
/* End PBXGroup section */

/* Begin PBXNativeTarget section */
		55D844F91E83365C001C253F /* Canvas */ = {
			isa = PBXNativeTarget;
			buildConfigurationList = 55D845221E83365E001C253F /* Build configuration list for PBXNativeTarget "Canvas" */;
			buildPhases = (
				55D844F61E83365C001C253F /* Sources */,
				55D844F71E83365C001C253F /* Frameworks */,
				55D844F81E83365C001C253F /* Resources */,
			);
			buildRules = (
			);
			dependencies = (
			);
			name = Canvas;
			productName = Canvas;
			productReference = 55D844FA1E83365D001C253F /* Canvas.app */;
			productType = "com.apple.product-type.application";
		};
		55D8450D1E83365E001C253F /* CanvasTests */ = {
			isa = PBXNativeTarget;
			buildConfigurationList = 55D845251E83365E001C253F /* Build configuration list for PBXNativeTarget "CanvasTests" */;
			buildPhases = (
				55D8450A1E83365E001C253F /* Sources */,
				55D8450B1E83365E001C253F /* Frameworks */,
				55D8450C1E83365E001C253F /* Resources */,
			);
			buildRules = (
			);
			dependencies = (
				55D845101E83365E001C253F /* PBXTargetDependency */,
			);
			name = CanvasTests;
			productName = CanvasTests;
			productReference = 55D8450E1E83365E001C253F /* CanvasTests.xctest */;
			productType = "com.apple.product-type.bundle.unit-test";
		};
		55D845181E83365E001C253F /* CanvasUITests */ = {
			isa = PBXNativeTarget;
			buildConfigurationList = 55D845281E83365E001C253F /* Build configuration list for PBXNativeTarget "CanvasUITests" */;
			buildPhases = (
				55D845151E83365E001C253F /* Sources */,
				55D845161E83365E001C253F /* Frameworks */,
				55D845171E83365E001C253F /* Resources */,
			);
			buildRules = (
			);
			dependencies = (
				55D8451B1E83365E001C253F /* PBXTargetDependency */,
			);
			name = CanvasUITests;
			productName = CanvasUITests;
			productReference = 55D845191E83365E001C253F /* CanvasUITests.xctest */;
			productType = "com.apple.product-type.bundle.ui-testing";
		};
/* End PBXNativeTarget section */

/* Begin PBXProject section */
		55D844F21E83365C001C253F /* Project object */ = {
			isa = PBXProject;
			attributes = {
				LastSwiftUpdateCheck = 0820;
				LastUpgradeCheck = 0820;
				ORGANIZATIONNAME = "Victoria Zhou";
				TargetAttributes = {
					55D844F91E83365C001C253F = {
						CreatedOnToolsVersion = 8.2.1;
						ProvisioningStyle = Automatic;
					};
					55D8450D1E83365E001C253F = {
						CreatedOnToolsVersion = 8.2.1;
						ProvisioningStyle = Automatic;
						TestTargetID = 55D844F91E83365C001C253F;
					};
					55D845181E83365E001C253F = {
						CreatedOnToolsVersion = 8.2.1;
						ProvisioningStyle = Automatic;
						TestTargetID = 55D844F91E83365C001C253F;
					};
				};
			};
			buildConfigurationList = 55D844F51E83365C001C253F /* Build configuration list for PBXProject "Canvas" */;
			compatibilityVersion = "Xcode 3.2";
			developmentRegion = English;
			hasScannedForEncodings = 0;
			knownRegions = (
				en,
				Base,
			);
			mainGroup = 55D844F11E83365C001C253F;
			productRefGroup = 55D844FB1E83365D001C253F /* Products */;
			projectDirPath = "";
			projectRoot = "";
			targets = (
				55D844F91E83365C001C253F /* Canvas */,
				55D8450D1E83365E001C253F /* CanvasTests */,
				55D845181E83365E001C253F /* CanvasUITests */,
			);
		};
/* End PBXProject section */

/* Begin PBXResourcesBuildPhase section */
		55D844F81E83365C001C253F /* Resources */ = {
			isa = PBXResourcesBuildPhase;
			buildActionMask = 2147483647;
			files = (
				55D845081E83365D001C253F /* LaunchScreen.storyboard in Resources */,
				55D845051E83365D001C253F /* Assets.xcassets in Resources */,
				55D845031E83365D001C253F /* Main.storyboard in Resources */,
			);
			runOnlyForDeploymentPostprocessing = 0;
		};
		55D8450C1E83365E001C253F /* Resources */ = {
			isa = PBXResourcesBuildPhase;
			buildActionMask = 2147483647;
			files = (
			);
			runOnlyForDeploymentPostprocessing = 0;
		};
		55D845171E83365E001C253F /* Resources */ = {
			isa = PBXResourcesBuildPhase;
			buildActionMask = 2147483647;
			files = (
			);
			runOnlyForDeploymentPostprocessing = 0;
		};
/* End PBXResourcesBuildPhase section */

/* Begin PBXSourcesBuildPhase section */
		55D844F61E83365C001C253F /* Sources */ = {
			isa = PBXSourcesBuildPhase;
			buildActionMask = 2147483647;
			files = (
				55D845001E83365D001C253F /* ViewController.swift in Sources */,
				55D844FE1E83365D001C253F /* AppDelegate.swift in Sources */,
			);
			runOnlyForDeploymentPostprocessing = 0;
		};
		55D8450A1E83365E001C253F /* Sources */ = {
			isa = PBXSourcesBuildPhase;
			buildActionMask = 2147483647;
			files = (
				55D845131E83365E001C253F /* CanvasTests.swift in Sources */,
			);
			runOnlyForDeploymentPostprocessing = 0;
		};
		55D845151E83365E001C253F /* Sources */ = {
			isa = PBXSourcesBuildPhase;
			buildActionMask = 2147483647;
			files = (
				55D8451E1E83365E001C253F /* CanvasUITests.swift in Sources */,
			);
			runOnlyForDeploymentPostprocessing = 0;
		};
/* End PBXSourcesBuildPhase section */

/* Begin PBXTargetDependency section */
		55D845101E83365E001C253F /* PBXTargetDependency */ = {
			isa = PBXTargetDependency;
			target = 55D844F91E83365C001C253F /* Canvas */;
			targetProxy = 55D8450F1E83365E001C253F /* PBXContainerItemProxy */;
		};
		55D8451B1E83365E001C253F /* PBXTargetDependency */ = {
			isa = PBXTargetDependency;
			target = 55D844F91E83365C001C253F /* Canvas */;
			targetProxy = 55D8451A1E83365E001C253F /* PBXContainerItemProxy */;
		};
/* End PBXTargetDependency section */

/* Begin PBXVariantGroup section */
		55D845011E83365D001C253F /* Main.storyboard */ = {
			isa = PBXVariantGroup;
			children = (
				55D845021E83365D001C253F /* Base */,
			);
			name = Main.storyboard;
			sourceTree = "<group>";
		};
		55D845061E83365D001C253F /* LaunchScreen.storyboard */ = {
			isa = PBXVariantGroup;
			children = (
				55D845071E83365D001C253F /* Base */,
			);
			name = LaunchScreen.storyboard;
			sourceTree = "<group>";
		};
/* End PBXVariantGroup section */

/* Begin XCBuildConfiguration section */
		55D845201E83365E001C253F /* Debug */ = {
			isa = XCBuildConfiguration;
			buildSettings = {
				ALWAYS_SEARCH_USER_PATHS = NO;
				CLANG_ANALYZER_NONNULL = YES;
				CLANG_CXX_LANGUAGE_STANDARD = "gnu++0x";
				CLANG_CXX_LIBRARY = "libc++";
				CLANG_ENABLE_MODULES = YES;
				CLANG_ENABLE_OBJC_ARC = YES;
				CLANG_WARN_BOOL_CONVERSION = YES;
				CLANG_WARN_CONSTANT_CONVERSION = YES;
				CLANG_WARN_DIRECT_OBJC_ISA_USAGE = YES_ERROR;
				CLANG_WARN_DOCUMENTATION_COMMENTS = YES;
				CLANG_WARN_EMPTY_BODY = YES;
				CLANG_WARN_ENUM_CONVERSION = YES;
				CLANG_WARN_INFINITE_RECURSION = YES;
				CLANG_WARN_INT_CONVERSION = YES;
				CLANG_WARN_OBJC_ROOT_CLASS = YES_ERROR;
				CLANG_WARN_SUSPICIOUS_MOVE = YES;
				CLANG_WARN_UNREACHABLE_CODE = YES;
				CLANG_WARN__DUPLICATE_METHOD_MATCH = YES;
				"CODE_SIGN_IDENTITY[sdk=iphoneos*]" = "iPhone Developer";
				COPY_PHASE_STRIP = NO;
				DEBUG_INFORMATION_FORMAT = dwarf;
				ENABLE_STRICT_OBJC_MSGSEND = YES;
				ENABLE_TESTABILITY = YES;
				GCC_C_LANGUAGE_STANDARD = gnu99;
				GCC_DYNAMIC_NO_PIC = NO;
				GCC_NO_COMMON_BLOCKS = YES;
				GCC_OPTIMIZATION_LEVEL = 0;
				GCC_PREPROCESSOR_DEFINITIONS = (
					"DEBUG=1",
					"$(inherited)",
				);
				GCC_WARN_64_TO_32_BIT_CONVERSION = YES;
				GCC_WARN_ABOUT_RETURN_TYPE = YES_ERROR;
				GCC_WARN_UNDECLARED_SELECTOR = YES;
				GCC_WARN_UNINITIALIZED_AUTOS = YES_AGGRESSIVE;
				GCC_WARN_UNUSED_FUNCTION = YES;
				GCC_WARN_UNUSED_VARIABLE = YES;
				IPHONEOS_DEPLOYMENT_TARGET = 10.2;
				MTL_ENABLE_DEBUG_INFO = YES;
				ONLY_ACTIVE_ARCH = YES;
				SDKROOT = iphoneos;
				SWIFT_ACTIVE_COMPILATION_CONDITIONS = DEBUG;
				SWIFT_OPTIMIZATION_LEVEL = "-Onone";
			};
			name = Debug;
		};
		55D845211E83365E001C253F /* Release */ = {
			isa = XCBuildConfiguration;
			buildSettings = {
				ALWAYS_SEARCH_USER_PATHS = NO;
				CLANG_ANALYZER_NONNULL = YES;
				CLANG_CXX_LANGUAGE_STANDARD = "gnu++0x";
				CLANG_CXX_LIBRARY = "libc++";
				CLANG_ENABLE_MODULES = YES;
				CLANG_ENABLE_OBJC_ARC = YES;
				CLANG_WARN_BOOL_CONVERSION = YES;
				CLANG_WARN_CONSTANT_CONVERSION = YES;
				CLANG_WARN_DIRECT_OBJC_ISA_USAGE = YES_ERROR;
				CLANG_WARN_DOCUMENTATION_COMMENTS = YES;
				CLANG_WARN_EMPTY_BODY = YES;
				CLANG_WARN_ENUM_CONVERSION = YES;
				CLANG_WARN_INFINITE_RECURSION = YES;
				CLANG_WARN_INT_CONVERSION = YES;
				CLANG_WARN_OBJC_ROOT_CLASS = YES_ERROR;
				CLANG_WARN_SUSPICIOUS_MOVE = YES;
				CLANG_WARN_UNREACHABLE_CODE = YES;
				CLANG_WARN__DUPLICATE_METHOD_MATCH = YES;
				"CODE_SIGN_IDENTITY[sdk=iphoneos*]" = "iPhone Developer";
				COPY_PHASE_STRIP = NO;
				DEBUG_INFORMATION_FORMAT = "dwarf-with-dsym";
				ENABLE_NS_ASSERTIONS = NO;
				ENABLE_STRICT_OBJC_MSGSEND = YES;
				GCC_C_LANGUAGE_STANDARD = gnu99;
				GCC_NO_COMMON_BLOCKS = YES;
				GCC_WARN_64_TO_32_BIT_CONVERSION = YES;
				GCC_WARN_ABOUT_RETURN_TYPE = YES_ERROR;
				GCC_WARN_UNDECLARED_SELECTOR = YES;
				GCC_WARN_UNINITIALIZED_AUTOS = YES_AGGRESSIVE;
				GCC_WARN_UNUSED_FUNCTION = YES;
				GCC_WARN_UNUSED_VARIABLE = YES;
				IPHONEOS_DEPLOYMENT_TARGET = 10.2;
				MTL_ENABLE_DEBUG_INFO = NO;
				SDKROOT = iphoneos;
				SWIFT_OPTIMIZATION_LEVEL = "-Owholemodule";
				VALIDATE_PRODUCT = YES;
			};
			name = Release;
		};
		55D845231E83365E001C253F /* Debug */ = {
			isa = XCBuildConfiguration;
			buildSettings = {
				ASSETCATALOG_COMPILER_APPICON_NAME = AppIcon;
				INFOPLIST_FILE = Canvas/Info.plist;
				LD_RUNPATH_SEARCH_PATHS = "$(inherited) @executable_path/Frameworks";
				PRODUCT_BUNDLE_IDENTIFIER = vczhou.Canvas;
				PRODUCT_NAME = "$(TARGET_NAME)";
				SWIFT_VERSION = 3.0;
			};
			name = Debug;
		};
		55D845241E83365E001C253F /* Release */ = {
			isa = XCBuildConfiguration;
			buildSettings = {
				ASSETCATALOG_COMPILER_APPICON_NAME = AppIcon;
				INFOPLIST_FILE = Canvas/Info.plist;
				LD_RUNPATH_SEARCH_PATHS = "$(inherited) @executable_path/Frameworks";
				PRODUCT_BUNDLE_IDENTIFIER = vczhou.Canvas;
				PRODUCT_NAME = "$(TARGET_NAME)";
				SWIFT_VERSION = 3.0;
			};
			name = Release;
		};
		55D845261E83365E001C253F /* Debug */ = {
			isa = XCBuildConfiguration;
			buildSettings = {
				ALWAYS_EMBED_SWIFT_STANDARD_LIBRARIES = YES;
				BUNDLE_LOADER = "$(TEST_HOST)";
				INFOPLIST_FILE = CanvasTests/Info.plist;
				LD_RUNPATH_SEARCH_PATHS = "$(inherited) @executable_path/Frameworks @loader_path/Frameworks";
				PRODUCT_BUNDLE_IDENTIFIER = vczhou.CanvasTests;
				PRODUCT_NAME = "$(TARGET_NAME)";
				SWIFT_VERSION = 3.0;
				TEST_HOST = "$(BUILT_PRODUCTS_DIR)/Canvas.app/Canvas";
			};
			name = Debug;
		};
		55D845271E83365E001C253F /* Release */ = {
			isa = XCBuildConfiguration;
			buildSettings = {
				ALWAYS_EMBED_SWIFT_STANDARD_LIBRARIES = YES;
				BUNDLE_LOADER = "$(TEST_HOST)";
				INFOPLIST_FILE = CanvasTests/Info.plist;
				LD_RUNPATH_SEARCH_PATHS = "$(inherited) @executable_path/Frameworks @loader_path/Frameworks";
				PRODUCT_BUNDLE_IDENTIFIER = vczhou.CanvasTests;
				PRODUCT_NAME = "$(TARGET_NAME)";
				SWIFT_VERSION = 3.0;
				TEST_HOST = "$(BUILT_PRODUCTS_DIR)/Canvas.app/Canvas";
			};
			name = Release;
		};
		55D845291E83365E001C253F /* Debug */ = {
			isa = XCBuildConfiguration;
			buildSettings = {
				ALWAYS_EMBED_SWIFT_STANDARD_LIBRARIES = YES;
				INFOPLIST_FILE = CanvasUITests/Info.plist;
				LD_RUNPATH_SEARCH_PATHS = "$(inherited) @executable_path/Frameworks @loader_path/Frameworks";
				PRODUCT_BUNDLE_IDENTIFIER = vczhou.CanvasUITests;
				PRODUCT_NAME = "$(TARGET_NAME)";
				SWIFT_VERSION = 3.0;
				TEST_TARGET_NAME = Canvas;
			};
			name = Debug;
		};
		55D8452A1E83365E001C253F /* Release */ = {
			isa = XCBuildConfiguration;
			buildSettings = {
				ALWAYS_EMBED_SWIFT_STANDARD_LIBRARIES = YES;
				INFOPLIST_FILE = CanvasUITests/Info.plist;
				LD_RUNPATH_SEARCH_PATHS = "$(inherited) @executable_path/Frameworks @loader_path/Frameworks";
				PRODUCT_BUNDLE_IDENTIFIER = vczhou.CanvasUITests;
				PRODUCT_NAME = "$(TARGET_NAME)";
				SWIFT_VERSION = 3.0;
				TEST_TARGET_NAME = Canvas;
			};
			name = Release;
		};
/* End XCBuildConfiguration section */

/* Begin XCConfigurationList section */
		55D844F51E83365C001C253F /* Build configuration list for PBXProject "Canvas" */ = {
			isa = XCConfigurationList;
			buildConfigurations = (
				55D845201E83365E001C253F /* Debug */,
				55D845211E83365E001C253F /* Release */,
			);
			defaultConfigurationIsVisible = 0;
			defaultConfigurationName = Release;
		};
		55D845221E83365E001C253F /* Build configuration list for PBXNativeTarget "Canvas" */ = {
			isa = XCConfigurationList;
			buildConfigurations = (
				55D845231E83365E001C253F /* Debug */,
				55D845241E83365E001C253F /* Release */,
			);
			defaultConfigurationIsVisible = 0;
		};
		55D845251E83365E001C253F /* Build configuration list for PBXNativeTarget "CanvasTests" */ = {
			isa = XCConfigurationList;
			buildConfigurations = (
				55D845261E83365E001C253F /* Debug */,
				55D845271E83365E001C253F /* Release */,
			);
			defaultConfigurationIsVisible = 0;
		};
		55D845281E83365E001C253F /* Build configuration list for PBXNativeTarget "CanvasUITests" */ = {
			isa = XCConfigurationList;
			buildConfigurations = (
				55D845291E83365E001C253F /* Debug */,
				55D8452A1E83365E001C253F /* Release */,
			);
			defaultConfigurationIsVisible = 0;
		};
/* End XCConfigurationList section */
	};
	rootObject = 55D844F21E83365C001C253F /* Project object */;
}
